<?xml version="1.0" encoding="UTF-8"?>
<!DOCTYPE plist PUBLIC "-//Apple//DTD PLIST 1.0//EN" "http://www.apple.com/DTDs/PropertyList-1.0.dtd">
<plist version="1.0">
<dict>
	<key>archiveVersion</key>
	<string>1</string>
	<key>classes</key>
	<dict/>
	<key>objectVersion</key>
	<string>46</string>
	<key>objects</key>
	<dict>
		<key>67ABA1C621504B3B94D5832E</key>
		<dict>
			<key>fileRef</key>
			<string>FD26D403EC194977B490B668</string>
			<key>isa</key>
			<string>PBXBuildFile</string>
		</dict>
		<key>7D456E48B1804C6B8977A4EA</key>
		<dict>
			<key>buildActionMask</key>
			<string>2147483647</string>
			<key>files</key>
			<array/>
			<key>inputPaths</key>
			<array/>
			<key>isa</key>
			<string>PBXShellScriptBuildPhase</string>
			<key>name</key>
			<string>Copy Pods Resources</string>
			<key>outputPaths</key>
			<array/>
			<key>runOnlyForDeploymentPostprocessing</key>
			<string>0</string>
			<key>shellPath</key>
			<string>/bin/sh</string>
			<key>shellScript</key>
			<string>"${SRCROOT}/Pods/Pods-resources.sh"
</string>
			<key>showEnvVarsInLog</key>
			<string>0</string>
		</dict>
		<key>85A1832238F4445382281C67</key>
		<dict>
			<key>buildActionMask</key>
			<string>2147483647</string>
			<key>files</key>
			<array/>
			<key>inputPaths</key>
			<array/>
			<key>isa</key>
			<string>PBXShellScriptBuildPhase</string>
			<key>name</key>
			<string>Check Pods Manifest.lock</string>
			<key>outputPaths</key>
			<array/>
			<key>runOnlyForDeploymentPostprocessing</key>
			<string>0</string>
			<key>shellPath</key>
			<string>/bin/sh</string>
			<key>shellScript</key>
			<string>diff "${PODS_ROOT}/../Podfile.lock" "${PODS_ROOT}/Manifest.lock" &gt; /dev/null
if [[ $? != 0 ]] ; then
    cat &lt;&lt; EOM
error: The sandbox is not in sync with the Podfile.lock. Run 'pod install' or update your CocoaPods installation.
EOM
    exit 1
fi
</string>
			<key>showEnvVarsInLog</key>
			<string>0</string>
		</dict>
		<key>860E2ADEF5EC43E580F90C81</key>
		<dict>
			<key>includeInIndex</key>
			<string>1</string>
			<key>isa</key>
			<string>PBXFileReference</string>
			<key>lastKnownFileType</key>
			<string>text.xcconfig</string>
			<key>name</key>
			<string>Pods.xcconfig</string>
			<key>path</key>
			<string>Pods/Pods.xcconfig</string>
			<key>sourceTree</key>
			<string>&lt;group&gt;</string>
		</dict>
		<key>DE4AC29A17E7C15D0091C720</key>
		<dict>
			<key>isa</key>
			<string>PBXFileReference</string>
			<key>lastKnownFileType</key>
			<string>wrapper.framework</string>
			<key>name</key>
			<string>CoreImage.framework</string>
			<key>path</key>
			<string>System/Library/Frameworks/CoreImage.framework</string>
			<key>sourceTree</key>
			<string>SDKROOT</string>
		</dict>
		<key>DE4AC29B17E7C15D0091C720</key>
		<dict>
			<key>fileRef</key>
			<string>DE4AC29A17E7C15D0091C720</string>
			<key>isa</key>
			<string>PBXBuildFile</string>
		</dict>
		<key>DE6B588917E9506800471970</key>
		<dict>
			<key>fileEncoding</key>
			<string>4</string>
			<key>isa</key>
			<string>PBXFileReference</string>
			<key>lastKnownFileType</key>
			<string>sourcecode.c.h</string>
			<key>path</key>
			<string>ImageFiltration.h</string>
			<key>sourceTree</key>
			<string>&lt;group&gt;</string>
		</dict>
		<key>DE6B588A17E9506800471970</key>
		<dict>
			<key>fileEncoding</key>
			<string>4</string>
			<key>isa</key>
			<string>PBXFileReference</string>
			<key>lastKnownFileType</key>
			<string>sourcecode.c.objc</string>
			<key>path</key>
			<string>ImageFiltration.m</string>
			<key>sourceTree</key>
			<string>&lt;group&gt;</string>
		</dict>
		<key>DE6B588B17E9506800471970</key>
		<dict>
			<key>fileRef</key>
			<string>DE6B588A17E9506800471970</string>
			<key>isa</key>
			<string>PBXBuildFile</string>
		</dict>
		<key>DE7615B817E7C2CD001A1740</key>
		<dict>
			<key>fileEncoding</key>
			<string>4</string>
			<key>isa</key>
			<string>PBXFileReference</string>
			<key>lastKnownFileType</key>
			<string>sourcecode.c.h</string>
			<key>path</key>
			<string>ListViewController.h</string>
			<key>sourceTree</key>
			<string>&lt;group&gt;</string>
		</dict>
		<key>DE7615B917E7C2CD001A1740</key>
		<dict>
			<key>fileEncoding</key>
			<string>4</string>
			<key>isa</key>
			<string>PBXFileReference</string>
			<key>lastKnownFileType</key>
			<string>sourcecode.c.objc</string>
			<key>path</key>
			<string>ListViewController.m</string>
			<key>sourceTree</key>
			<string>&lt;group&gt;</string>
		</dict>
		<key>DE7615BA17E7C2CD001A1740</key>
		<dict>
			<key>fileRef</key>
			<string>DE7615B917E7C2CD001A1740</string>
			<key>isa</key>
			<string>PBXBuildFile</string>
		</dict>
		<key>DE8AA2FA17E8222700105573</key>
		<dict>
			<key>fileEncoding</key>
			<string>4</string>
			<key>isa</key>
			<string>PBXFileReference</string>
			<key>lastKnownFileType</key>
			<string>sourcecode.c.h</string>
			<key>path</key>
			<string>PhotoRecord.h</string>
			<key>sourceTree</key>
			<string>&lt;group&gt;</string>
		</dict>
		<key>DE8AA2FB17E8222700105573</key>
		<dict>
			<key>fileEncoding</key>
			<string>4</string>
			<key>isa</key>
			<string>PBXFileReference</string>
			<key>lastKnownFileType</key>
			<string>sourcecode.c.objc</string>
			<key>path</key>
			<string>PhotoRecord.m</string>
			<key>sourceTree</key>
			<string>&lt;group&gt;</string>
		</dict>
		<key>DE8AA2FC17E8222700105573</key>
		<dict>
			<key>fileRef</key>
			<string>DE8AA2FB17E8222700105573</string>
			<key>isa</key>
			<string>PBXBuildFile</string>
		</dict>
		<key>DE8AA2FD17E8272C00105573</key>
		<dict>
			<key>fileEncoding</key>
			<string>4</string>
			<key>isa</key>
			<string>PBXFileReference</string>
			<key>lastKnownFileType</key>
			<string>sourcecode.c.h</string>
			<key>path</key>
			<string>PendingOperations.h</string>
			<key>sourceTree</key>
			<string>&lt;group&gt;</string>
		</dict>
		<key>DE8AA2FE17E8272C00105573</key>
		<dict>
			<key>fileEncoding</key>
			<string>4</string>
			<key>isa</key>
			<string>PBXFileReference</string>
			<key>lastKnownFileType</key>
			<string>sourcecode.c.objc</string>
			<key>path</key>
			<string>PendingOperations.m</string>
			<key>sourceTree</key>
			<string>&lt;group&gt;</string>
		</dict>
		<key>DE8AA2FF17E8272C00105573</key>
		<dict>
			<key>fileRef</key>
			<string>DE8AA2FE17E8272C00105573</string>
			<key>isa</key>
			<string>PBXBuildFile</string>
		</dict>
		<key>DE8AA30017E82C8600105573</key>
		<dict>
			<key>fileEncoding</key>
			<string>4</string>
			<key>isa</key>
			<string>PBXFileReference</string>
			<key>lastKnownFileType</key>
			<string>sourcecode.c.h</string>
			<key>path</key>
			<string>ImageDownloader.h</string>
			<key>sourceTree</key>
			<string>&lt;group&gt;</string>
		</dict>
		<key>DE8AA30117E82C8600105573</key>
		<dict>
			<key>fileEncoding</key>
			<string>4</string>
			<key>isa</key>
			<string>PBXFileReference</string>
			<key>lastKnownFileType</key>
			<string>sourcecode.c.objc</string>
			<key>path</key>
			<string>ImageDownloader.m</string>
			<key>sourceTree</key>
			<string>&lt;group&gt;</string>
		</dict>
		<key>DE8AA30217E82C8600105573</key>
		<dict>
			<key>fileRef</key>
			<string>DE8AA30117E82C8600105573</string>
			<key>isa</key>
			<string>PBXBuildFile</string>
		</dict>
		<key>DE94349617E7B0AC008E26C2</key>
		<dict>
			<key>children</key>
			<array>
				<string>DE9434A817E7B0AC008E26C2</string>
				<string>DE9434C117E7B0AC008E26C2</string>
				<string>DE9434A117E7B0AC008E26C2</string>
				<string>DE9434A017E7B0AC008E26C2</string>
				<string>860E2ADEF5EC43E580F90C81</string>
			</array>
			<key>isa</key>
			<string>PBXGroup</string>
			<key>sourceTree</key>
			<string>&lt;group&gt;</string>
		</dict>
		<key>DE94349717E7B0AC008E26C2</key>
		<dict>
			<key>attributes</key>
			<dict>
				<key>LastUpgradeCheck</key>
				<string>0500</string>
				<key>ORGANIZATIONNAME</key>
				<string>Beepscore LLC</string>
				<key>TargetAttributes</key>
				<dict>
					<key>DE9434B917E7B0AC008E26C2</key>
					<dict>
						<key>TestTargetID</key>
						<string>DE94349E17E7B0AC008E26C2</string>
					</dict>
				</dict>
			</dict>
			<key>buildConfigurationList</key>
			<string>DE94349A17E7B0AC008E26C2</string>
			<key>compatibilityVersion</key>
			<string>Xcode 3.2</string>
			<key>developmentRegion</key>
			<string>English</string>
			<key>hasScannedForEncodings</key>
			<string>0</string>
			<key>isa</key>
			<string>PBXProject</string>
			<key>knownRegions</key>
			<array>
				<string>en</string>
			</array>
			<key>mainGroup</key>
			<string>DE94349617E7B0AC008E26C2</string>
			<key>productRefGroup</key>
			<string>DE9434A017E7B0AC008E26C2</string>
			<key>projectDirPath</key>
			<string></string>
			<key>projectReferences</key>
			<array/>
			<key>projectRoot</key>
			<string></string>
			<key>targets</key>
			<array>
				<string>DE94349E17E7B0AC008E26C2</string>
				<string>DE9434B917E7B0AC008E26C2</string>
			</array>
		</dict>
		<key>DE94349A17E7B0AC008E26C2</key>
		<dict>
			<key>buildConfigurations</key>
			<array>
				<string>DE9434C917E7B0AD008E26C2</string>
				<string>DE9434CA17E7B0AD008E26C2</string>
			</array>
			<key>defaultConfigurationIsVisible</key>
			<string>0</string>
			<key>defaultConfigurationName</key>
			<string>Release</string>
			<key>isa</key>
			<string>XCConfigurationList</string>
		</dict>
		<key>DE94349B17E7B0AC008E26C2</key>
		<dict>
			<key>buildActionMask</key>
			<string>2147483647</string>
			<key>files</key>
			<array>
				<string>DE8AA30217E82C8600105573</string>
				<string>DE9434B317E7B0AC008E26C2</string>
				<string>DE6B588B17E9506800471970</string>
				<string>DE8AA2FF17E8272C00105573</string>
				<string>DE8AA2FC17E8222700105573</string>
				<string>DE9434AF17E7B0AC008E26C2</string>
				<string>DE7615BA17E7C2CD001A1740</string>
			</array>
			<key>isa</key>
			<string>PBXSourcesBuildPhase</string>
			<key>runOnlyForDeploymentPostprocessing</key>
			<string>0</string>
		</dict>
		<key>DE94349C17E7B0AC008E26C2</key>
		<dict>
			<key>buildActionMask</key>
			<string>2147483647</string>
			<key>files</key>
			<array>
				<string>DE4AC29B17E7C15D0091C720</string>
				<string>DE9434A517E7B0AC008E26C2</string>
				<string>DE9434A717E7B0AC008E26C2</string>
				<string>DE9434A317E7B0AC008E26C2</string>
				<string>67ABA1C621504B3B94D5832E</string>
			</array>
			<key>isa</key>
			<string>PBXFrameworksBuildPhase</string>
			<key>runOnlyForDeploymentPostprocessing</key>
			<string>0</string>
		</dict>
		<key>DE94349D17E7B0AC008E26C2</key>
		<dict>
			<key>buildActionMask</key>
			<string>2147483647</string>
			<key>files</key>
			<array>
				<string>DEAE4FFC17E7D5D3009C7322</string>
				<string>DE9434AD17E7B0AC008E26C2</string>
				<string>DE9434B517E7B0AC008E26C2</string>
			</array>
			<key>isa</key>
			<string>PBXResourcesBuildPhase</string>
			<key>runOnlyForDeploymentPostprocessing</key>
			<string>0</string>
		</dict>
		<key>DE94349E17E7B0AC008E26C2</key>
		<dict>
			<key>buildConfigurationList</key>
			<string>DE9434CB17E7B0AD008E26C2</string>
			<key>buildPhases</key>
			<array>
				<string>85A1832238F4445382281C67</string>
				<string>DE94349B17E7B0AC008E26C2</string>
				<string>DE94349C17E7B0AC008E26C2</string>
				<string>DE94349D17E7B0AC008E26C2</string>
				<string>7D456E48B1804C6B8977A4EA</string>
			</array>
			<key>buildRules</key>
			<array/>
			<key>dependencies</key>
			<array/>
			<key>isa</key>
			<string>PBXNativeTarget</string>
			<key>name</key>
			<string>ClassicPhotos</string>
			<key>productName</key>
			<string>ClassicPhotos</string>
			<key>productReference</key>
			<string>DE94349F17E7B0AC008E26C2</string>
			<key>productType</key>
			<string>com.apple.product-type.application</string>
		</dict>
		<key>DE94349F17E7B0AC008E26C2</key>
		<dict>
			<key>explicitFileType</key>
			<string>wrapper.application</string>
			<key>includeInIndex</key>
			<string>0</string>
			<key>isa</key>
			<string>PBXFileReference</string>
			<key>path</key>
			<string>ClassicPhotos.app</string>
			<key>sourceTree</key>
			<string>BUILT_PRODUCTS_DIR</string>
		</dict>
		<key>DE9434A017E7B0AC008E26C2</key>
		<dict>
			<key>children</key>
			<array>
				<string>DE94349F17E7B0AC008E26C2</string>
				<string>DE9434BA17E7B0AC008E26C2</string>
			</array>
			<key>isa</key>
			<string>PBXGroup</string>
			<key>name</key>
			<string>Products</string>
			<key>sourceTree</key>
			<string>&lt;group&gt;</string>
		</dict>
		<key>DE9434A117E7B0AC008E26C2</key>
		<dict>
			<key>children</key>
			<array>
				<string>DE4AC29A17E7C15D0091C720</string>
				<string>DE9434A217E7B0AC008E26C2</string>
				<string>DE9434A417E7B0AC008E26C2</string>
				<string>DE9434A617E7B0AC008E26C2</string>
				<string>DE9434BB17E7B0AC008E26C2</string>
				<string>FD26D403EC194977B490B668</string>
			</array>
			<key>isa</key>
			<string>PBXGroup</string>
			<key>name</key>
			<string>Frameworks</string>
			<key>sourceTree</key>
			<string>&lt;group&gt;</string>
		</dict>
		<key>DE9434A217E7B0AC008E26C2</key>
		<dict>
			<key>isa</key>
			<string>PBXFileReference</string>
			<key>lastKnownFileType</key>
			<string>wrapper.framework</string>
			<key>name</key>
			<string>Foundation.framework</string>
			<key>path</key>
			<string>System/Library/Frameworks/Foundation.framework</string>
			<key>sourceTree</key>
			<string>SDKROOT</string>
		</dict>
		<key>DE9434A317E7B0AC008E26C2</key>
		<dict>
			<key>fileRef</key>
			<string>DE9434A217E7B0AC008E26C2</string>
			<key>isa</key>
			<string>PBXBuildFile</string>
		</dict>
		<key>DE9434A417E7B0AC008E26C2</key>
		<dict>
			<key>isa</key>
			<string>PBXFileReference</string>
			<key>lastKnownFileType</key>
			<string>wrapper.framework</string>
			<key>name</key>
			<string>CoreGraphics.framework</string>
			<key>path</key>
			<string>System/Library/Frameworks/CoreGraphics.framework</string>
			<key>sourceTree</key>
			<string>SDKROOT</string>
		</dict>
		<key>DE9434A517E7B0AC008E26C2</key>
		<dict>
			<key>fileRef</key>
			<string>DE9434A417E7B0AC008E26C2</string>
			<key>isa</key>
			<string>PBXBuildFile</string>
		</dict>
		<key>DE9434A617E7B0AC008E26C2</key>
		<dict>
			<key>isa</key>
			<string>PBXFileReference</string>
			<key>lastKnownFileType</key>
			<string>wrapper.framework</string>
			<key>name</key>
			<string>UIKit.framework</string>
			<key>path</key>
			<string>System/Library/Frameworks/UIKit.framework</string>
			<key>sourceTree</key>
			<string>SDKROOT</string>
		</dict>
		<key>DE9434A717E7B0AC008E26C2</key>
		<dict>
			<key>fileRef</key>
			<string>DE9434A617E7B0AC008E26C2</string>
			<key>isa</key>
			<string>PBXBuildFile</string>
		</dict>
		<key>DE9434A817E7B0AC008E26C2</key>
		<dict>
			<key>children</key>
			<array>
				<string>DE9434B417E7B0AC008E26C2</string>
				<string>DE9434A917E7B0AC008E26C2</string>
				<string>DEAE4FFB17E7D5D3009C7322</string>
				<string>DE9434B117E7B0AC008E26C2</string>
				<string>DE9434B217E7B0AC008E26C2</string>
				<string>DE8AA30017E82C8600105573</string>
				<string>DE8AA30117E82C8600105573</string>
				<string>DE6B588917E9506800471970</string>
				<string>DE6B588A17E9506800471970</string>
				<string>DE7615B817E7C2CD001A1740</string>
				<string>DE7615B917E7C2CD001A1740</string>
				<string>DE8AA2FD17E8272C00105573</string>
				<string>DE8AA2FE17E8272C00105573</string>
				<string>DE8AA2FA17E8222700105573</string>
				<string>DE8AA2FB17E8222700105573</string>
			</array>
			<key>isa</key>
			<string>PBXGroup</string>
			<key>path</key>
			<string>ClassicPhotos</string>
			<key>sourceTree</key>
			<string>&lt;group&gt;</string>
		</dict>
		<key>DE9434A917E7B0AC008E26C2</key>
		<dict>
			<key>children</key>
			<array>
				<string>DE9434AA17E7B0AC008E26C2</string>
				<string>DE9434AB17E7B0AC008E26C2</string>
				<string>DE9434AE17E7B0AC008E26C2</string>
				<string>DE9434B017E7B0AC008E26C2</string>
			</array>
			<key>isa</key>
			<string>PBXGroup</string>
			<key>name</key>
			<string>Supporting Files</string>
			<key>sourceTree</key>
			<string>&lt;group&gt;</string>
		</dict>
		<key>DE9434AA17E7B0AC008E26C2</key>
		<dict>
			<key>isa</key>
			<string>PBXFileReference</string>
			<key>lastKnownFileType</key>
			<string>text.plist.xml</string>
			<key>path</key>
			<string>ClassicPhotos-Info.plist</string>
			<key>sourceTree</key>
			<string>&lt;group&gt;</string>
		</dict>
		<key>DE9434AB17E7B0AC008E26C2</key>
		<dict>
			<key>children</key>
			<array>
				<string>DE9434AC17E7B0AC008E26C2</string>
			</array>
			<key>isa</key>
			<string>PBXVariantGroup</string>
			<key>name</key>
			<string>InfoPlist.strings</string>
			<key>sourceTree</key>
			<string>&lt;group&gt;</string>
		</dict>
		<key>DE9434AC17E7B0AC008E26C2</key>
		<dict>
			<key>isa</key>
			<string>PBXFileReference</string>
			<key>lastKnownFileType</key>
			<string>text.plist.strings</string>
			<key>name</key>
			<string>en</string>
			<key>path</key>
			<string>en.lproj/InfoPlist.strings</string>
			<key>sourceTree</key>
			<string>&lt;group&gt;</string>
		</dict>
		<key>DE9434AD17E7B0AC008E26C2</key>
		<dict>
			<key>fileRef</key>
			<string>DE9434AB17E7B0AC008E26C2</string>
			<key>isa</key>
			<string>PBXBuildFile</string>
		</dict>
		<key>DE9434AE17E7B0AC008E26C2</key>
		<dict>
			<key>isa</key>
			<string>PBXFileReference</string>
			<key>lastKnownFileType</key>
			<string>sourcecode.c.objc</string>
			<key>path</key>
			<string>main.m</string>
			<key>sourceTree</key>
			<string>&lt;group&gt;</string>
		</dict>
		<key>DE9434AF17E7B0AC008E26C2</key>
		<dict>
			<key>fileRef</key>
			<string>DE9434AE17E7B0AC008E26C2</string>
			<key>isa</key>
			<string>PBXBuildFile</string>
		</dict>
		<key>DE9434B017E7B0AC008E26C2</key>
		<dict>
			<key>isa</key>
			<string>PBXFileReference</string>
			<key>lastKnownFileType</key>
			<string>sourcecode.c.h</string>
			<key>path</key>
			<string>ClassicPhotos-Prefix.pch</string>
			<key>sourceTree</key>
			<string>&lt;group&gt;</string>
		</dict>
		<key>DE9434B117E7B0AC008E26C2</key>
		<dict>
			<key>isa</key>
			<string>PBXFileReference</string>
			<key>lastKnownFileType</key>
			<string>sourcecode.c.h</string>
			<key>path</key>
			<string>AppDelegate.h</string>
			<key>sourceTree</key>
			<string>&lt;group&gt;</string>
		</dict>
		<key>DE9434B217E7B0AC008E26C2</key>
		<dict>
			<key>isa</key>
			<string>PBXFileReference</string>
			<key>lastKnownFileType</key>
			<string>sourcecode.c.objc</string>
			<key>path</key>
			<string>AppDelegate.m</string>
			<key>sourceTree</key>
			<string>&lt;group&gt;</string>
		</dict>
		<key>DE9434B317E7B0AC008E26C2</key>
		<dict>
			<key>fileRef</key>
			<string>DE9434B217E7B0AC008E26C2</string>
			<key>isa</key>
			<string>PBXBuildFile</string>
		</dict>
		<key>DE9434B417E7B0AC008E26C2</key>
		<dict>
			<key>isa</key>
			<string>PBXFileReference</string>
			<key>lastKnownFileType</key>
			<string>folder.assetcatalog</string>
			<key>path</key>
			<string>Images.xcassets</string>
			<key>sourceTree</key>
			<string>&lt;group&gt;</string>
		</dict>
		<key>DE9434B517E7B0AC008E26C2</key>
		<dict>
			<key>fileRef</key>
			<string>DE9434B417E7B0AC008E26C2</string>
			<key>isa</key>
			<string>PBXBuildFile</string>
		</dict>
		<key>DE9434B617E7B0AC008E26C2</key>
		<dict>
			<key>buildActionMask</key>
			<string>2147483647</string>
			<key>files</key>
			<array>
				<string>DE9434C817E7B0AD008E26C2</string>
			</array>
			<key>isa</key>
			<string>PBXSourcesBuildPhase</string>
			<key>runOnlyForDeploymentPostprocessing</key>
			<string>0</string>
		</dict>
		<key>DE9434B717E7B0AC008E26C2</key>
		<dict>
			<key>buildActionMask</key>
			<string>2147483647</string>
			<key>files</key>
			<array>
				<string>DE9434BC17E7B0AC008E26C2</string>
				<string>DE9434BE17E7B0AC008E26C2</string>
				<string>DE9434BD17E7B0AC008E26C2</string>
			</array>
			<key>isa</key>
			<string>PBXFrameworksBuildPhase</string>
			<key>runOnlyForDeploymentPostprocessing</key>
			<string>0</string>
		</dict>
		<key>DE9434B817E7B0AC008E26C2</key>
		<dict>
			<key>buildActionMask</key>
			<string>2147483647</string>
			<key>files</key>
			<array>
				<string>DE9434C617E7B0AD008E26C2</string>
			</array>
			<key>isa</key>
			<string>PBXResourcesBuildPhase</string>
			<key>runOnlyForDeploymentPostprocessing</key>
			<string>0</string>
		</dict>
		<key>DE9434B917E7B0AC008E26C2</key>
		<dict>
			<key>buildConfigurationList</key>
			<string>DE9434CE17E7B0AD008E26C2</string>
			<key>buildPhases</key>
			<array>
				<string>DE9434B617E7B0AC008E26C2</string>
				<string>DE9434B717E7B0AC008E26C2</string>
				<string>DE9434B817E7B0AC008E26C2</string>
			</array>
			<key>buildRules</key>
			<array/>
			<key>dependencies</key>
			<array>
				<string>DE9434C017E7B0AC008E26C2</string>
			</array>
			<key>isa</key>
			<string>PBXNativeTarget</string>
			<key>name</key>
			<string>ClassicPhotosTests</string>
			<key>productName</key>
			<string>ClassicPhotosTests</string>
			<key>productReference</key>
			<string>DE9434BA17E7B0AC008E26C2</string>
			<key>productType</key>
			<string>com.apple.product-type.bundle.unit-test</string>
		</dict>
		<key>DE9434BA17E7B0AC008E26C2</key>
		<dict>
			<key>explicitFileType</key>
			<string>wrapper.cfbundle</string>
			<key>includeInIndex</key>
			<string>0</string>
			<key>isa</key>
			<string>PBXFileReference</string>
			<key>path</key>
			<string>ClassicPhotosTests.xctest</string>
			<key>sourceTree</key>
			<string>BUILT_PRODUCTS_DIR</string>
		</dict>
		<key>DE9434BB17E7B0AC008E26C2</key>
		<dict>
			<key>isa</key>
			<string>PBXFileReference</string>
			<key>lastKnownFileType</key>
			<string>wrapper.framework</string>
			<key>name</key>
			<string>XCTest.framework</string>
			<key>path</key>
			<string>Library/Frameworks/XCTest.framework</string>
			<key>sourceTree</key>
			<string>DEVELOPER_DIR</string>
		</dict>
		<key>DE9434BC17E7B0AC008E26C2</key>
		<dict>
			<key>fileRef</key>
			<string>DE9434BB17E7B0AC008E26C2</string>
			<key>isa</key>
			<string>PBXBuildFile</string>
		</dict>
		<key>DE9434BD17E7B0AC008E26C2</key>
		<dict>
			<key>fileRef</key>
			<string>DE9434A217E7B0AC008E26C2</string>
			<key>isa</key>
			<string>PBXBuildFile</string>
		</dict>
		<key>DE9434BE17E7B0AC008E26C2</key>
		<dict>
			<key>fileRef</key>
			<string>DE9434A617E7B0AC008E26C2</string>
			<key>isa</key>
			<string>PBXBuildFile</string>
		</dict>
		<key>DE9434BF17E7B0AC008E26C2</key>
		<dict>
			<key>containerPortal</key>
			<string>DE94349717E7B0AC008E26C2</string>
			<key>isa</key>
			<string>PBXContainerItemProxy</string>
			<key>proxyType</key>
			<string>1</string>
			<key>remoteGlobalIDString</key>
			<string>DE94349E17E7B0AC008E26C2</string>
			<key>remoteInfo</key>
			<string>ClassicPhotos</string>
		</dict>
		<key>DE9434C017E7B0AC008E26C2</key>
		<dict>
			<key>isa</key>
			<string>PBXTargetDependency</string>
			<key>target</key>
			<string>DE94349E17E7B0AC008E26C2</string>
			<key>targetProxy</key>
			<string>DE9434BF17E7B0AC008E26C2</string>
		</dict>
		<key>DE9434C117E7B0AC008E26C2</key>
		<dict>
			<key>children</key>
			<array>
				<string>DE9434C717E7B0AD008E26C2</string>
				<string>DE9434C217E7B0AC008E26C2</string>
			</array>
			<key>isa</key>
			<string>PBXGroup</string>
			<key>path</key>
			<string>ClassicPhotosTests</string>
			<key>sourceTree</key>
			<string>&lt;group&gt;</string>
		</dict>
		<key>DE9434C217E7B0AC008E26C2</key>
		<dict>
			<key>children</key>
			<array>
				<string>DE9434C317E7B0AC008E26C2</string>
				<string>DE9434C417E7B0AD008E26C2</string>
			</array>
			<key>isa</key>
			<string>PBXGroup</string>
			<key>name</key>
			<string>Supporting Files</string>
			<key>sourceTree</key>
			<string>&lt;group&gt;</string>
		</dict>
		<key>DE9434C317E7B0AC008E26C2</key>
		<dict>
			<key>isa</key>
			<string>PBXFileReference</string>
			<key>lastKnownFileType</key>
			<string>text.plist.xml</string>
			<key>path</key>
			<string>ClassicPhotosTests-Info.plist</string>
			<key>sourceTree</key>
			<string>&lt;group&gt;</string>
		</dict>
		<key>DE9434C417E7B0AD008E26C2</key>
		<dict>
			<key>children</key>
			<array>
				<string>DE9434C517E7B0AD008E26C2</string>
			</array>
			<key>isa</key>
			<string>PBXVariantGroup</string>
			<key>name</key>
			<string>InfoPlist.strings</string>
			<key>sourceTree</key>
			<string>&lt;group&gt;</string>
		</dict>
		<key>DE9434C517E7B0AD008E26C2</key>
		<dict>
			<key>isa</key>
			<string>PBXFileReference</string>
			<key>lastKnownFileType</key>
			<string>text.plist.strings</string>
			<key>name</key>
			<string>en</string>
			<key>path</key>
			<string>en.lproj/InfoPlist.strings</string>
			<key>sourceTree</key>
			<string>&lt;group&gt;</string>
		</dict>
		<key>DE9434C617E7B0AD008E26C2</key>
		<dict>
			<key>fileRef</key>
			<string>DE9434C417E7B0AD008E26C2</string>
			<key>isa</key>
			<string>PBXBuildFile</string>
		</dict>
		<key>DE9434C717E7B0AD008E26C2</key>
		<dict>
			<key>isa</key>
			<string>PBXFileReference</string>
			<key>lastKnownFileType</key>
			<string>sourcecode.c.objc</string>
			<key>path</key>
			<string>ClassicPhotosTests.m</string>
			<key>sourceTree</key>
			<string>&lt;group&gt;</string>
		</dict>
		<key>DE9434C817E7B0AD008E26C2</key>
		<dict>
			<key>fileRef</key>
			<string>DE9434C717E7B0AD008E26C2</string>
			<key>isa</key>
			<string>PBXBuildFile</string>
		</dict>
		<key>DE9434C917E7B0AD008E26C2</key>
		<dict>
			<key>buildSettings</key>
			<dict>
				<key>ALWAYS_SEARCH_USER_PATHS</key>
				<string>NO</string>
				<key>ARCHS</key>
				<string>$(ARCHS_STANDARD_INCLUDING_64_BIT)</string>
				<key>CLANG_CXX_LANGUAGE_STANDARD</key>
				<string>gnu++0x</string>
				<key>CLANG_CXX_LIBRARY</key>
				<string>libc++</string>
				<key>CLANG_ENABLE_MODULES</key>
				<string>YES</string>
				<key>CLANG_ENABLE_OBJC_ARC</key>
				<string>YES</string>
				<key>CLANG_WARN_BOOL_CONVERSION</key>
				<string>YES</string>
				<key>CLANG_WARN_CONSTANT_CONVERSION</key>
				<string>YES</string>
				<key>CLANG_WARN_DIRECT_OBJC_ISA_USAGE</key>
				<string>YES_ERROR</string>
				<key>CLANG_WARN_EMPTY_BODY</key>
				<string>YES</string>
				<key>CLANG_WARN_ENUM_CONVERSION</key>
				<string>YES</string>
				<key>CLANG_WARN_INT_CONVERSION</key>
				<string>YES</string>
				<key>CLANG_WARN_OBJC_ROOT_CLASS</key>
				<string>YES_ERROR</string>
				<key>CLANG_WARN__DUPLICATE_METHOD_MATCH</key>
				<string>YES</string>
				<key>CODE_SIGN_IDENTITY[sdk=iphoneos*]</key>
				<string>iPhone Developer</string>
				<key>COPY_PHASE_STRIP</key>
				<string>NO</string>
				<key>GCC_C_LANGUAGE_STANDARD</key>
				<string>gnu99</string>
				<key>GCC_DYNAMIC_NO_PIC</key>
				<string>NO</string>
				<key>GCC_OPTIMIZATION_LEVEL</key>
				<string>0</string>
				<key>GCC_PREPROCESSOR_DEFINITIONS</key>
				<array>
					<string>DEBUG=1</string>
					<string>$(inherited)</string>
				</array>
				<key>GCC_SYMBOLS_PRIVATE_EXTERN</key>
				<string>NO</string>
				<key>GCC_WARN_64_TO_32_BIT_CONVERSION</key>
				<string>YES</string>
				<key>GCC_WARN_ABOUT_RETURN_TYPE</key>
				<string>YES_ERROR</string>
				<key>GCC_WARN_UNDECLARED_SELECTOR</key>
				<string>YES</string>
				<key>GCC_WARN_UNINITIALIZED_AUTOS</key>
				<string>YES</string>
				<key>GCC_WARN_UNUSED_FUNCTION</key>
				<string>YES</string>
				<key>GCC_WARN_UNUSED_VARIABLE</key>
				<string>YES</string>
				<key>IPHONEOS_DEPLOYMENT_TARGET</key>
				<string>7.0</string>
				<key>ONLY_ACTIVE_ARCH</key>
				<string>YES</string>
				<key>SDKROOT</key>
				<string>iphoneos</string>
				<key>TARGETED_DEVICE_FAMILY</key>
				<string>1,2</string>
			</dict>
			<key>isa</key>
			<string>XCBuildConfiguration</string>
			<key>name</key>
			<string>Debug</string>
		</dict>
		<key>DE9434CA17E7B0AD008E26C2</key>
		<dict>
			<key>buildSettings</key>
			<dict>
				<key>ALWAYS_SEARCH_USER_PATHS</key>
				<string>NO</string>
				<key>ARCHS</key>
				<string>$(ARCHS_STANDARD_INCLUDING_64_BIT)</string>
				<key>CLANG_CXX_LANGUAGE_STANDARD</key>
				<string>gnu++0x</string>
				<key>CLANG_CXX_LIBRARY</key>
				<string>libc++</string>
				<key>CLANG_ENABLE_MODULES</key>
				<string>YES</string>
				<key>CLANG_ENABLE_OBJC_ARC</key>
				<string>YES</string>
				<key>CLANG_WARN_BOOL_CONVERSION</key>
				<string>YES</string>
				<key>CLANG_WARN_CONSTANT_CONVERSION</key>
				<string>YES</string>
				<key>CLANG_WARN_DIRECT_OBJC_ISA_USAGE</key>
				<string>YES_ERROR</string>
				<key>CLANG_WARN_EMPTY_BODY</key>
				<string>YES</string>
				<key>CLANG_WARN_ENUM_CONVERSION</key>
				<string>YES</string>
				<key>CLANG_WARN_INT_CONVERSION</key>
				<string>YES</string>
				<key>CLANG_WARN_OBJC_ROOT_CLASS</key>
				<string>YES_ERROR</string>
				<key>CLANG_WARN__DUPLICATE_METHOD_MATCH</key>
				<string>YES</string>
				<key>CODE_SIGN_IDENTITY[sdk=iphoneos*]</key>
				<string>iPhone Developer</string>
				<key>COPY_PHASE_STRIP</key>
				<string>YES</string>
				<key>ENABLE_NS_ASSERTIONS</key>
				<string>NO</string>
				<key>GCC_C_LANGUAGE_STANDARD</key>
				<string>gnu99</string>
				<key>GCC_WARN_64_TO_32_BIT_CONVERSION</key>
				<string>YES</string>
				<key>GCC_WARN_ABOUT_RETURN_TYPE</key>
				<string>YES_ERROR</string>
				<key>GCC_WARN_UNDECLARED_SELECTOR</key>
				<string>YES</string>
				<key>GCC_WARN_UNINITIALIZED_AUTOS</key>
				<string>YES</string>
				<key>GCC_WARN_UNUSED_FUNCTION</key>
				<string>YES</string>
				<key>GCC_WARN_UNUSED_VARIABLE</key>
				<string>YES</string>
				<key>IPHONEOS_DEPLOYMENT_TARGET</key>
				<string>7.0</string>
				<key>SDKROOT</key>
				<string>iphoneos</string>
				<key>TARGETED_DEVICE_FAMILY</key>
				<string>1,2</string>
				<key>VALIDATE_PRODUCT</key>
				<string>YES</string>
			</dict>
			<key>isa</key>
			<string>XCBuildConfiguration</string>
			<key>name</key>
			<string>Release</string>
		</dict>
		<key>DE9434CB17E7B0AD008E26C2</key>
		<dict>
			<key>buildConfigurations</key>
			<array>
				<string>DE9434CC17E7B0AD008E26C2</string>
				<string>DE9434CD17E7B0AD008E26C2</string>
			</array>
			<key>defaultConfigurationIsVisible</key>
			<string>0</string>
			<key>defaultConfigurationName</key>
			<string>Release</string>
			<key>isa</key>
			<string>XCConfigurationList</string>
		</dict>
		<key>DE9434CC17E7B0AD008E26C2</key>
		<dict>
			<key>baseConfigurationReference</key>
			<string>860E2ADEF5EC43E580F90C81</string>
			<key>buildSettings</key>
			<dict>
				<key>ASSETCATALOG_COMPILER_APPICON_NAME</key>
				<string>AppIcon</string>
				<key>ASSETCATALOG_COMPILER_LAUNCHIMAGE_NAME</key>
				<string>LaunchImage</string>
				<key>GCC_PRECOMPILE_PREFIX_HEADER</key>
				<string>YES</string>
				<key>GCC_PREFIX_HEADER</key>
				<string>ClassicPhotos/ClassicPhotos-Prefix.pch</string>
				<key>INFOPLIST_FILE</key>
				<string>ClassicPhotos/ClassicPhotos-Info.plist</string>
				<key>PRODUCT_NAME</key>
				<string>$(TARGET_NAME)</string>
				<key>WRAPPER_EXTENSION</key>
				<string>app</string>
			</dict>
			<key>isa</key>
			<string>XCBuildConfiguration</string>
			<key>name</key>
			<string>Debug</string>
		</dict>
		<key>DE9434CD17E7B0AD008E26C2</key>
		<dict>
			<key>baseConfigurationReference</key>
			<string>860E2ADEF5EC43E580F90C81</string>
			<key>buildSettings</key>
			<dict>
				<key>ASSETCATALOG_COMPILER_APPICON_NAME</key>
				<string>AppIcon</string>
				<key>ASSETCATALOG_COMPILER_LAUNCHIMAGE_NAME</key>
				<string>LaunchImage</string>
				<key>GCC_PRECOMPILE_PREFIX_HEADER</key>
				<string>YES</string>
				<key>GCC_PREFIX_HEADER</key>
				<string>ClassicPhotos/ClassicPhotos-Prefix.pch</string>
				<key>INFOPLIST_FILE</key>
				<string>ClassicPhotos/ClassicPhotos-Info.plist</string>
				<key>PRODUCT_NAME</key>
				<string>$(TARGET_NAME)</string>
				<key>WRAPPER_EXTENSION</key>
				<string>app</string>
			</dict>
			<key>isa</key>
			<string>XCBuildConfiguration</string>
			<key>name</key>
			<string>Release</string>
		</dict>
		<key>DE9434CE17E7B0AD008E26C2</key>
		<dict>
			<key>buildConfigurations</key>
			<array>
				<string>DE9434CF17E7B0AD008E26C2</string>
				<string>DE9434D017E7B0AD008E26C2</string>
			</array>
			<key>defaultConfigurationIsVisible</key>
			<string>0</string>
			<key>defaultConfigurationName</key>
			<string>Release</string>
			<key>isa</key>
			<string>XCConfigurationList</string>
		</dict>
		<key>DE9434CF17E7B0AD008E26C2</key>
		<dict>
			<key>buildSettings</key>
			<dict>
				<key>ARCHS</key>
				<string>$(ARCHS_STANDARD_INCLUDING_64_BIT)</string>
				<key>BUNDLE_LOADER</key>
				<string>$(BUILT_PRODUCTS_DIR)/ClassicPhotos.app/ClassicPhotos</string>
				<key>FRAMEWORK_SEARCH_PATHS</key>
				<array>
					<string>$(SDKROOT)/Developer/Library/Frameworks</string>
					<string>$(inherited)</string>
					<string>$(DEVELOPER_FRAMEWORKS_DIR)</string>
				</array>
				<key>GCC_PRECOMPILE_PREFIX_HEADER</key>
				<string>YES</string>
				<key>GCC_PREFIX_HEADER</key>
				<string>ClassicPhotos/ClassicPhotos-Prefix.pch</string>
				<key>GCC_PREPROCESSOR_DEFINITIONS</key>
				<array>
					<string>DEBUG=1</string>
					<string>$(inherited)</string>
				</array>
				<key>INFOPLIST_FILE</key>
				<string>ClassicPhotosTests/ClassicPhotosTests-Info.plist</string>
				<key>PRODUCT_NAME</key>
				<string>$(TARGET_NAME)</string>
				<key>TEST_HOST</key>
				<string>$(BUNDLE_LOADER)</string>
				<key>WRAPPER_EXTENSION</key>
				<string>xctest</string>
			</dict>
			<key>isa</key>
			<string>XCBuildConfiguration</string>
			<key>name</key>
			<string>Debug</string>
		</dict>
		<key>DE9434D017E7B0AD008E26C2</key>
		<dict>
			<key>buildSettings</key>
			<dict>
				<key>ARCHS</key>
				<string>$(ARCHS_STANDARD_INCLUDING_64_BIT)</string>
				<key>BUNDLE_LOADER</key>
				<string>$(BUILT_PRODUCTS_DIR)/ClassicPhotos.app/ClassicPhotos</string>
				<key>FRAMEWORK_SEARCH_PATHS</key>
				<array>
					<string>$(SDKROOT)/Developer/Library/Frameworks</string>
					<string>$(inherited)</string>
					<string>$(DEVELOPER_FRAMEWORKS_DIR)</string>
				</array>
				<key>GCC_PRECOMPILE_PREFIX_HEADER</key>
				<string>YES</string>
				<key>GCC_PREFIX_HEADER</key>
				<string>ClassicPhotos/ClassicPhotos-Prefix.pch</string>
				<key>INFOPLIST_FILE</key>
				<string>ClassicPhotosTests/ClassicPhotosTests-Info.plist</string>
				<key>PRODUCT_NAME</key>
				<string>$(TARGET_NAME)</string>
				<key>TEST_HOST</key>
				<string>$(BUNDLE_LOADER)</string>
				<key>WRAPPER_EXTENSION</key>
				<string>xctest</string>
			</dict>
			<key>isa</key>
			<string>XCBuildConfiguration</string>
			<key>name</key>
			<string>Release</string>
		</dict>
		<key>DEAE4FFB17E7D5D3009C7322</key>
		<dict>
			<key>fileEncoding</key>
			<string>4</string>
			<key>isa</key>
			<string>PBXFileReference</string>
			<key>lastKnownFileType</key>
			<string>file.storyboard</string>
			<key>path</key>
			<string>Main.storyboard</string>
			<key>sourceTree</key>
			<string>&lt;group&gt;</string>
		</dict>
		<key>DEAE4FFC17E7D5D3009C7322</key>
		<dict>
			<key>fileRef</key>
			<string>DEAE4FFB17E7D5D3009C7322</string>
			<key>isa</key>
			<string>PBXBuildFile</string>
		</dict>
		<key>FD26D403EC194977B490B668</key>
		<dict>
			<key>explicitFileType</key>
			<string>archive.ar</string>
			<key>includeInIndex</key>
			<string>0</string>
			<key>isa</key>
			<string>PBXFileReference</string>
			<key>path</key>
			<string>libPods.a</string>
			<key>sourceTree</key>
			<string>BUILT_PRODUCTS_DIR</string>
		</dict>
	</dict>
	<key>rootObject</key>
	<string>DE94349717E7B0AC008E26C2</string>
</dict>
</plist>
